Microsoft Visual Studio Solution File, Format Version 12.00
# Visual Studio Version 17
VisualStudioVersion = 17.5.2.0
MinimumVisualStudioVersion = 10.0.40219.1
Project("{FAE04EC0-301F-11D3-BF4B-00C04F79EFBC}") = "work_72_73", "work_72_73.csproj", "{D830AB8B-2932-639E-F200-33861143560C}"
EndProject
Global
	GlobalSection(SolutionConfigurationPlatforms) = preSolution
		Debug|Any CPU = Debug|Any CPU
		Release|Any CPU = Release|Any CPU
	EndGlobalSection
	GlobalSection(ProjectConfigurationPlatforms) = postSolution
		{D830AB8B-2932-639E-F200-33861143560C}.Debug|Any CPU.ActiveCfg = Debug|Any CPU
		{D830AB8B-2932-639E-F200-33861143560C}.Debug|Any CPU.Build.0 = Debug|Any CPU
		{D830AB8B-2932-639E-F200-33861143560C}.Release|Any CPU.ActiveCfg = Release|Any CPU
		{D830AB8B-2932-639E-F200-33861143560C}.Release|Any CPU.Build.0 = Release|Any CPU
	EndGlobalSection
	GlobalSection(SolutionProperties) = preSolution
		HideSolutionNode = FALSE
	EndGlobalSection
	GlobalSection(ExtensibilityGlobals) = postSolution
		SolutionGuid = {ADCE35F0-6D18-4C4D-AFD8-C09174735F93}
	EndGlobalSection
EndGlobal
