Microsoft Visual Studio Solution File, Format Version 12.00
# Visual Studio Version 17
VisualStudioVersion = 17.5.2.0
MinimumVisualStudioVersion = 10.0.40219.1
Project("{FAE04EC0-301F-11D3-BF4B-00C04F79EFBC}") = "work_36_37_char", "work_36_37_char.csproj", "{C1512611-4A78-D319-3BCA-C700DC8A5E10}"
EndProject
Global
	GlobalSection(SolutionConfigurationPlatforms) = preSolution
		Debug|Any CPU = Debug|Any CPU
		Release|Any CPU = Release|Any CPU
	EndGlobalSection
	GlobalSection(ProjectConfigurationPlatforms) = postSolution
		{C1512611-4A78-D319-3BCA-C700DC8A5E10}.Debug|Any CPU.ActiveCfg = Debug|Any CPU
		{C1512611-4A78-D319-3BCA-C700DC8A5E10}.Debug|Any CPU.Build.0 = Debug|Any CPU
		{C1512611-4A78-D319-3BCA-C700DC8A5E10}.Release|Any CPU.ActiveCfg = Release|Any CPU
		{C1512611-4A78-D319-3BCA-C700DC8A5E10}.Release|Any CPU.Build.0 = Release|Any CPU
	EndGlobalSection
	GlobalSection(SolutionProperties) = preSolution
		HideSolutionNode = FALSE
	EndGlobalSection
	GlobalSection(ExtensibilityGlobals) = postSolution
		SolutionGuid = {15140362-7CF5-46CE-83A4-FE1149914BE3}
	EndGlobalSection
EndGlobal
