Microsoft Visual Studio Solution File, Format Version 12.00
# Visual Studio Version 17
VisualStudioVersion = 17.5.2.0
MinimumVisualStudioVersion = 10.0.40219.1
Project("{FAE04EC0-301F-11D3-BF4B-00C04F79EFBC}") = "cli_event_chat", "cli_event_chat.csproj", "{687F2C8E-A11C-59C6-A0AA-D7400ECEEA8D}"
EndProject
Global
	GlobalSection(SolutionConfigurationPlatforms) = preSolution
		Debug|Any CPU = Debug|Any CPU
		Release|Any CPU = Release|Any CPU
	EndGlobalSection
	GlobalSection(ProjectConfigurationPlatforms) = postSolution
		{687F2C8E-A11C-59C6-A0AA-D7400ECEEA8D}.Debug|Any CPU.ActiveCfg = Debug|Any CPU
		{687F2C8E-A11C-59C6-A0AA-D7400ECEEA8D}.Debug|Any CPU.Build.0 = Debug|Any CPU
		{687F2C8E-A11C-59C6-A0AA-D7400ECEEA8D}.Release|Any CPU.ActiveCfg = Release|Any CPU
		{687F2C8E-A11C-59C6-A0AA-D7400ECEEA8D}.Release|Any CPU.Build.0 = Release|Any CPU
	EndGlobalSection
	GlobalSection(SolutionProperties) = preSolution
		HideSolutionNode = FALSE
	EndGlobalSection
	GlobalSection(ExtensibilityGlobals) = postSolution
		SolutionGuid = {E8AF6E2C-B70C-44FD-A277-99BFC044E572}
	EndGlobalSection
EndGlobal
