Microsoft Visual Studio Solution File, Format Version 12.00
# Visual Studio Version 17
VisualStudioVersion = 17.5.2.0
MinimumVisualStudioVersion = 10.0.40219.1
Project("{FAE04EC0-301F-11D3-BF4B-00C04F79EFBC}") = "work_14_15", "work_14_15.csproj", "{ADBC6AB4-F1B9-ABB1-A8EE-24E75FF30742}"
EndProject
Global
	GlobalSection(SolutionConfigurationPlatforms) = preSolution
		Debug|Any CPU = Debug|Any CPU
		Release|Any CPU = Release|Any CPU
	EndGlobalSection
	GlobalSection(ProjectConfigurationPlatforms) = postSolution
		{ADBC6AB4-F1B9-ABB1-A8EE-24E75FF30742}.Debug|Any CPU.ActiveCfg = Debug|Any CPU
		{ADBC6AB4-F1B9-ABB1-A8EE-24E75FF30742}.Debug|Any CPU.Build.0 = Debug|Any CPU
		{ADBC6AB4-F1B9-ABB1-A8EE-24E75FF30742}.Release|Any CPU.ActiveCfg = Release|Any CPU
		{ADBC6AB4-F1B9-ABB1-A8EE-24E75FF30742}.Release|Any CPU.Build.0 = Release|Any CPU
	EndGlobalSection
	GlobalSection(SolutionProperties) = preSolution
		HideSolutionNode = FALSE
	EndGlobalSection
	GlobalSection(ExtensibilityGlobals) = postSolution
		SolutionGuid = {0E576695-824D-4B3A-9C2D-9B8A474292D3}
	EndGlobalSection
EndGlobal
